{
  "version": 4,
  "terraform_version": "1.2.8",
  "serial": 1,
  "lineage": "fe6e97c7-9ae9-7254-07e5-8154f5d0ef68",
  "outputs": {},
  "resources": [
    {
      "mode": "managed",
      "type": "google_project",
      "name": "my_project",
      "provider": "provider[\"registry.terraform.io/hashicorp/google\"]",
      "instances": [
        {
          "schema_version": 1,
          "attributes": {
            "auto_create_network": true,
            "billing_account": "01403B-81DEB7-D4554D",
            "folder_id": null,
            "id": "projects/gcp-ci-cd-drugs-data-pipeline",
            "labels": {},
            "name": "gcp-ci-cd-drugs-data-pipeline",
            "number": "205383239790",
            "org_id": null,
            "project_id": "gcp-ci-cd-drugs-data-pipeline",
            "skip_delete": null,
            "timeouts": {
              "create": null,
              "delete": null,
              "read": null,
              "update": null
            }
          },
          "sensitive_attributes": [],
          "private": "eyJlMmJmYjczMC1lY2FhLTExZTYtOGY4OC0zNDM2M2JjN2M0YzAiOnsiY3JlYXRlIjo2MDAwMDAwMDAwMDAsImRlbGV0ZSI6NjAwMDAwMDAwMDAwLCJyZWFkIjo2MDAwMDAwMDAwMDAsInVwZGF0ZSI6NjAwMDAwMDAwMDAwfSwic2NoZW1hX3ZlcnNpb24iOiIxIn0="
        }
      ]
    }
  ]
}
